
Microsoft Visual Studio Solution File, Format Version 12.00
# Visual Studio Version 17
VisualStudioVersion = 17.14.36518.9 d17.14
MinimumVisualStudioVersion = 10.0.40219.1
Project("{FAE04EC0-301F-11D3-BF4B-00C04F79EFBC}") = "BasitYuzTanima", "BasitYuzTanima\BasitYuzTanima.csproj", "{9463F6C8-087D-42BF-B201-06B0ADF6F16D}"
EndProject
Global
	GlobalSection(SolutionConfigurationPlatforms) = preSolution
		Debug|Any CPU = Debug|Any CPU
		Release|Any CPU = Release|Any CPU
	EndGlobalSection
	GlobalSection(ProjectConfigurationPlatforms) = postSolution
		{9463F6C8-087D-42BF-B201-06B0ADF6F16D}.Debug|Any CPU.ActiveCfg = Debug|Any CPU
		{9463F6C8-087D-42BF-B201-06B0ADF6F16D}.Debug|Any CPU.Build.0 = Debug|Any CPU
		{9463F6C8-087D-42BF-B201-06B0ADF6F16D}.Release|Any CPU.ActiveCfg = Release|Any CPU
		{9463F6C8-087D-42BF-B201-06B0ADF6F16D}.Release|Any CPU.Build.0 = Release|Any CPU
	EndGlobalSection
	GlobalSection(SolutionProperties) = preSolution
		HideSolutionNode = FALSE
	EndGlobalSection
	GlobalSection(ExtensibilityGlobals) = postSolution
		SolutionGuid = {5E0B3725-D224-4331-8D00-A0F294BA7623}
	EndGlobalSection
EndGlobal
